
Microsoft Visual Studio Solution File, Format Version 12.00
# Visual Studio Version 17
VisualStudioVersion = 17.1.32228.430
MinimumVisualStudioVersion = 10.0.40219.1
Project("{FAE04EC0-301F-11D3-BF4B-00C04F79EFBC}") = "Registar_opreme", "Registar_opreme\Registar_opreme.csproj", "{863591C5-5596-442D-A58C-2314D2C0F8B0}"
EndProject
Project("{FAE04EC0-301F-11D3-BF4B-00C04F79EFBC}") = "mmatesic20_dll", "mmatesic20_dll\mmatesic20_dll.csproj", "{13CEFBAB-38CD-4A8B-92D8-F739462D9641}"
EndProject
Global
	GlobalSection(SolutionConfigurationPlatforms) = preSolution
		Debug|Any CPU = Debug|Any CPU
		Release|Any CPU = Release|Any CPU
	EndGlobalSection
	GlobalSection(ProjectConfigurationPlatforms) = postSolution
		{863591C5-5596-442D-A58C-2314D2C0F8B0}.Debug|Any CPU.ActiveCfg = Debug|Any CPU
		{863591C5-5596-442D-A58C-2314D2C0F8B0}.Debug|Any CPU.Build.0 = Debug|Any CPU
		{863591C5-5596-442D-A58C-2314D2C0F8B0}.Release|Any CPU.ActiveCfg = Release|Any CPU
		{863591C5-5596-442D-A58C-2314D2C0F8B0}.Release|Any CPU.Build.0 = Release|Any CPU
		{13CEFBAB-38CD-4A8B-92D8-F739462D9641}.Debug|Any CPU.ActiveCfg = Debug|Any CPU
		{13CEFBAB-38CD-4A8B-92D8-F739462D9641}.Debug|Any CPU.Build.0 = Debug|Any CPU
		{13CEFBAB-38CD-4A8B-92D8-F739462D9641}.Release|Any CPU.ActiveCfg = Release|Any CPU
		{13CEFBAB-38CD-4A8B-92D8-F739462D9641}.Release|Any CPU.Build.0 = Release|Any CPU
	EndGlobalSection
	GlobalSection(SolutionProperties) = preSolution
		HideSolutionNode = FALSE
	EndGlobalSection
	GlobalSection(ExtensibilityGlobals) = postSolution
		SolutionGuid = {4F737735-21A4-4B96-A9C6-9B55C35A863E}
	EndGlobalSection
EndGlobal
